// !$*UTF8*$!
{
	archiveVersion = 1;
	classes = {
	};
	objectVersion = 48;
	objects = {

/* Begin PBXBuildFile section */
		52A0FCE61F9ACD77002D2E26 /* objcpp_wrapper.mm in Sources */ = {isa = PBXBuildFile; fileRef = 52A0FCE51F9ACD77002D2E26 /* objcpp_wrapper.mm */; };
		52A491C21F9AC15200A8F9FC /* AppDelegate.swift in Sources */ = {isa = PBXBuildFile; fileRef = 52A491C11F9AC15200A8F9FC /* AppDelegate.swift */; };
		52A491C41F9AC15200A8F9FC /* ViewController.swift in Sources */ = {isa = PBXBuildFile; fileRef = 52A491C31F9AC15200A8F9FC /* ViewController.swift */; };
		52A491C71F9AC15200A8F9FC /* Main.storyboard in Resources */ = {isa = PBXBuildFile; fileRef = 52A491C51F9AC15200A8F9FC /* Main.storyboard */; };
		52A491C91F9AC15200A8F9FC /* Assets.xcassets in Resources */ = {isa = PBXBuildFile; fileRef = 52A491C81F9AC15200A8F9FC /* Assets.xcassets */; };
		52A491CC1F9AC15200A8F9FC /* LaunchScreen.storyboard in Resources */ = {isa = PBXBuildFile; fileRef = 52A491CA1F9AC15200A8F9FC /* LaunchScreen.storyboard */; };
		52A491D71F9AC15300A8F9FC /* cpp_obhcpp_projTests.swift in Sources */ = {isa = PBXBuildFile; fileRef = 52A491D61F9AC15300A8F9FC /* cpp_obhcpp_projTests.swift */; };
		52A6DF261F9B9F8C0017DDA7 /* libcpp_static_test.a in Frameworks */ = {isa = PBXBuildFile; fileRef = 52A6DF251F9B9F8C0017DDA7 /* libcpp_static_test.a */; };
		52A6DF311F9BFFF50017DDA7 /* libdraco.a in Frameworks */ = {isa = PBXBuildFile; fileRef = 52A6DF301F9BFFF50017DDA7 /* libdraco.a */; };
		52A6DF331F9BFFFC0017DDA7 /* libdracodec.a in Frameworks */ = {isa = PBXBuildFile; fileRef = 52A6DF321F9BFFFC0017DDA7 /* libdracodec.a */; };
		52A6DF351F9BFFFF0017DDA7 /* libdracoenc.a in Frameworks */ = {isa = PBXBuildFile; fileRef = 52A6DF341F9BFFFF0017DDA7 /* libdracoenc.a */; };
/* End PBXBuildFile section */

/* Begin PBXContainerItemProxy section */
		52A491D31F9AC15300A8F9FC /* PBXContainerItemProxy */ = {
			isa = PBXContainerItemProxy;
			containerPortal = 52A491B61F9AC15200A8F9FC /* Project object */;
			proxyType = 1;
			remoteGlobalIDString = 52A491BD1F9AC15200A8F9FC;
			remoteInfo = cpp_obhcpp_proj;
		};
/* End PBXContainerItemProxy section */

/* Begin PBXFileReference section */
		52A0FCE31F9ACD3F002D2E26 /* objcpp_wrapper.h */ = {isa = PBXFileReference; lastKnownFileType = sourcecode.c.h; path = objcpp_wrapper.h; sourceTree = "<group>"; };
		52A0FCE51F9ACD77002D2E26 /* objcpp_wrapper.mm */ = {isa = PBXFileReference; lastKnownFileType = sourcecode.cpp.objcpp; path = objcpp_wrapper.mm; sourceTree = "<group>"; };
		52A491BE1F9AC15200A8F9FC /* cpp_obhcpp_proj.app */ = {isa = PBXFileReference; explicitFileType = wrapper.application; includeInIndex = 0; path = cpp_obhcpp_proj.app; sourceTree = BUILT_PRODUCTS_DIR; };
		52A491C11F9AC15200A8F9FC /* AppDelegate.swift */ = {isa = PBXFileReference; lastKnownFileType = sourcecode.swift; path = AppDelegate.swift; sourceTree = "<group>"; };
		52A491C31F9AC15200A8F9FC /* ViewController.swift */ = {isa = PBXFileReference; lastKnownFileType = sourcecode.swift; path = ViewController.swift; sourceTree = "<group>"; };
		52A491C61F9AC15200A8F9FC /* Base */ = {isa = PBXFileReference; lastKnownFileType = file.storyboard; name = Base; path = Base.lproj/Main.storyboard; sourceTree = "<group>"; };
		52A491C81F9AC15200A8F9FC /* Assets.xcassets */ = {isa = PBXFileReference; lastKnownFileType = folder.assetcatalog; path = Assets.xcassets; sourceTree = "<group>"; };
		52A491CB1F9AC15200A8F9FC /* Base */ = {isa = PBXFileReference; lastKnownFileType = file.storyboard; name = Base; path = Base.lproj/LaunchScreen.storyboard; sourceTree = "<group>"; };
		52A491CD1F9AC15200A8F9FC /* Info.plist */ = {isa = PBXFileReference; lastKnownFileType = text.plist.xml; path = Info.plist; sourceTree = "<group>"; };
		52A491D21F9AC15300A8F9FC /* cpp_obhcpp_projTests.xctest */ = {isa = PBXFileReference; explicitFileType = wrapper.cfbundle; includeInIndex = 0; path = cpp_obhcpp_projTests.xctest; sourceTree = BUILT_PRODUCTS_DIR; };
		52A491D61F9AC15300A8F9FC /* cpp_obhcpp_projTests.swift */ = {isa = PBXFileReference; lastKnownFileType = sourcecode.swift; path = cpp_obhcpp_projTests.swift; sourceTree = "<group>"; };
		52A491D81F9AC15300A8F9FC /* Info.plist */ = {isa = PBXFileReference; lastKnownFileType = text.plist.xml; path = Info.plist; sourceTree = "<group>"; };
		52A491E41F9AC23700A8F9FC /* cpp_obhcpp_proj-Bridging-Header.h */ = {isa = PBXFileReference; lastKnownFileType = sourcecode.c.h; path = "cpp_obhcpp_proj-Bridging-Header.h"; sourceTree = "<group>"; };
		52A6DF251F9B9F8C0017DDA7 /* libcpp_static_test.a */ = {isa = PBXFileReference; lastKnownFileType = archive.ar; name = libcpp_static_test.a; path = "../../../Library/Developer/Xcode/DerivedData/cpp_static_test-bqbsuifjbarltfgrxfveglmqtxew/Build/Products/Debug-iphonesimulator/libcpp_static_test.a"; sourceTree = "<group>"; };
		52A6DF301F9BFFF50017DDA7 /* libdraco.a */ = {isa = PBXFileReference; lastKnownFileType = archive.ar; name = libdraco.a; path = ../../draco_xcode/Debug/libdraco.a; sourceTree = "<group>"; };
		52A6DF321F9BFFFC0017DDA7 /* libdracodec.a */ = {isa = PBXFileReference; lastKnownFileType = archive.ar; name = libdracodec.a; path = ../../draco_xcode/Debug/libdracodec.a; sourceTree = "<group>"; };
		52A6DF341F9BFFFF0017DDA7 /* libdracoenc.a */ = {isa = PBXFileReference; lastKnownFileType = archive.ar; name = libdracoenc.a; path = ../../draco_xcode/Debug/libdracoenc.a; sourceTree = "<group>"; };
/* End PBXFileReference section */

/* Begin PBXFrameworksBuildPhase section */
		52A491BB1F9AC15200A8F9FC /* Frameworks */ = {
			isa = PBXFrameworksBuildPhase;
			buildActionMask = 2147483647;
			files = (
				52A6DF261F9B9F8C0017DDA7 /* libcpp_static_test.a in Frameworks */,
				52A6DF311F9BFFF50017DDA7 /* libdraco.a in Frameworks */,
				52A6DF351F9BFFFF0017DDA7 /* libdracoenc.a in Frameworks */,
				52A6DF331F9BFFFC0017DDA7 /* libdracodec.a in Frameworks */,
			);
			runOnlyForDeploymentPostprocessing = 0;
		};
		52A491CF1F9AC15300A8F9FC /* Frameworks */ = {
			isa = PBXFrameworksBuildPhase;
			buildActionMask = 2147483647;
			files = (
			);
			runOnlyForDeploymentPostprocessing = 0;
		};
/* End PBXFrameworksBuildPhase section */

/* Begin PBXGroup section */
		52A491B51F9AC15200A8F9FC = {
			isa = PBXGroup;
			children = (
				52A491C01F9AC15200A8F9FC /* cpp_obhcpp_proj */,
				52A491D51F9AC15300A8F9FC /* cpp_obhcpp_projTests */,
				52A491BF1F9AC15200A8F9FC /* Products */,
				52A491E11F9AC1C900A8F9FC /* Frameworks */,
			);
			sourceTree = "<group>";
		};
		52A491BF1F9AC15200A8F9FC /* Products */ = {
			isa = PBXGroup;
			children = (
				52A491BE1F9AC15200A8F9FC /* cpp_obhcpp_proj.app */,
				52A491D21F9AC15300A8F9FC /* cpp_obhcpp_projTests.xctest */,
			);
			name = Products;
			sourceTree = "<group>";
		};
		52A491C01F9AC15200A8F9FC /* cpp_obhcpp_proj */ = {
			isa = PBXGroup;
			children = (
				52A491C11F9AC15200A8F9FC /* AppDelegate.swift */,
				52A491C31F9AC15200A8F9FC /* ViewController.swift */,
				52A491C51F9AC15200A8F9FC /* Main.storyboard */,
				52A491C81F9AC15200A8F9FC /* Assets.xcassets */,
				52A491CA1F9AC15200A8F9FC /* LaunchScreen.storyboard */,
				52A491CD1F9AC15200A8F9FC /* Info.plist */,
				52A491E41F9AC23700A8F9FC /* cpp_obhcpp_proj-Bridging-Header.h */,
				52A0FCE31F9ACD3F002D2E26 /* objcpp_wrapper.h */,
				52A0FCE51F9ACD77002D2E26 /* objcpp_wrapper.mm */,
			);
			path = cpp_obhcpp_proj;
			sourceTree = "<group>";
		};
		52A491D51F9AC15300A8F9FC /* cpp_obhcpp_projTests */ = {
			isa = PBXGroup;
			children = (
				52A491D61F9AC15300A8F9FC /* cpp_obhcpp_projTests.swift */,
				52A491D81F9AC15300A8F9FC /* Info.plist */,
			);
			path = cpp_obhcpp_projTests;
			sourceTree = "<group>";
		};
		52A491E11F9AC1C900A8F9FC /* Frameworks */ = {
			isa = PBXGroup;
			children = (
				52A6DF341F9BFFFF0017DDA7 /* libdracoenc.a */,
				52A6DF321F9BFFFC0017DDA7 /* libdracodec.a */,
				52A6DF301F9BFFF50017DDA7 /* libdraco.a */,
				52A6DF251F9B9F8C0017DDA7 /* libcpp_static_test.a */,
			);
			name = Frameworks;
			sourceTree = "<group>";
		};
/* End PBXGroup section */

/* Begin PBXNativeTarget section */
		52A491BD1F9AC15200A8F9FC /* cpp_obhcpp_proj */ = {
			isa = PBXNativeTarget;
			buildConfigurationList = 52A491DB1F9AC15300A8F9FC /* Build configuration list for PBXNativeTarget "cpp_obhcpp_proj" */;
			buildPhases = (
				52A491BA1F9AC15200A8F9FC /* Sources */,
				52A491BB1F9AC15200A8F9FC /* Frameworks */,
				52A491BC1F9AC15200A8F9FC /* Resources */,
			);
			buildRules = (
			);
			dependencies = (
			);
			name = cpp_obhcpp_proj;
			productName = cpp_obhcpp_proj;
			productReference = 52A491BE1F9AC15200A8F9FC /* cpp_obhcpp_proj.app */;
			productType = "com.apple.product-type.application";
		};
		52A491D11F9AC15300A8F9FC /* cpp_obhcpp_projTests */ = {
			isa = PBXNativeTarget;
			buildConfigurationList = 52A491DE1F9AC15300A8F9FC /* Build configuration list for PBXNativeTarget "cpp_obhcpp_projTests" */;
			buildPhases = (
				52A491CE1F9AC15300A8F9FC /* Sources */,
				52A491CF1F9AC15300A8F9FC /* Frameworks */,
				52A491D01F9AC15300A8F9FC /* Resources */,
			);
			buildRules = (
			);
			dependencies = (
				52A491D41F9AC15300A8F9FC /* PBXTargetDependency */,
			);
			name = cpp_obhcpp_projTests;
			productName = cpp_obhcpp_projTests;
			productReference = 52A491D21F9AC15300A8F9FC /* cpp_obhcpp_projTests.xctest */;
			productType = "com.apple.product-type.bundle.unit-test";
		};
/* End PBXNativeTarget section */

/* Begin PBXProject section */
		52A491B61F9AC15200A8F9FC /* Project object */ = {
			isa = PBXProject;
			attributes = {
				LastSwiftUpdateCheck = 0900;
				LastUpgradeCheck = 0900;
				ORGANIZATIONNAME = Flynn;
				TargetAttributes = {
					52A491BD1F9AC15200A8F9FC = {
						CreatedOnToolsVersion = 9.0;
						LastSwiftMigration = 0900;
					};
					52A491D11F9AC15300A8F9FC = {
						CreatedOnToolsVersion = 9.0;
						TestTargetID = 52A491BD1F9AC15200A8F9FC;
					};
				};
			};
			buildConfigurationList = 52A491B91F9AC15200A8F9FC /* Build configuration list for PBXProject "cpp_obhcpp_proj" */;
			compatibilityVersion = "Xcode 8.0";
			developmentRegion = en;
			hasScannedForEncodings = 0;
			knownRegions = (
				en,
				Base,
			);
			mainGroup = 52A491B51F9AC15200A8F9FC;
			productRefGroup = 52A491BF1F9AC15200A8F9FC /* Products */;
			projectDirPath = "";
			projectRoot = "";
			targets = (
				52A491BD1F9AC15200A8F9FC /* cpp_obhcpp_proj */,
				52A491D11F9AC15300A8F9FC /* cpp_obhcpp_projTests */,
			);
		};
/* End PBXProject section */

/* Begin PBXResourcesBuildPhase section */
		52A491BC1F9AC15200A8F9FC /* Resources */ = {
			isa = PBXResourcesBuildPhase;
			buildActionMask = 2147483647;
			files = (
				52A491CC1F9AC15200A8F9FC /* LaunchScreen.storyboard in Resources */,
				52A491C91F9AC15200A8F9FC /* Assets.xcassets in Resources */,
				52A491C71F9AC15200A8F9FC /* Main.storyboard in Resources */,
			);
			runOnlyForDeploymentPostprocessing = 0;
		};
		52A491D01F9AC15300A8F9FC /* Resources */ = {
			isa = PBXResourcesBuildPhase;
			buildActionMask = 2147483647;
			files = (
			);
			runOnlyForDeploymentPostprocessing = 0;
		};
/* End PBXResourcesBuildPhase section */

/* Begin PBXSourcesBuildPhase section */
		52A491BA1F9AC15200A8F9FC /* Sources */ = {
			isa = PBXSourcesBuildPhase;
			buildActionMask = 2147483647;
			files = (
				52A491C41F9AC15200A8F9FC /* ViewController.swift in Sources */,
				52A0FCE61F9ACD77002D2E26 /* objcpp_wrapper.mm in Sources */,
				52A491C21F9AC15200A8F9FC /* AppDelegate.swift in Sources */,
			);
			runOnlyForDeploymentPostprocessing = 0;
		};
		52A491CE1F9AC15300A8F9FC /* Sources */ = {
			isa = PBXSourcesBuildPhase;
			buildActionMask = 2147483647;
			files = (
				52A491D71F9AC15300A8F9FC /* cpp_obhcpp_projTests.swift in Sources */,
			);
			runOnlyForDeploymentPostprocessing = 0;
		};
/* End PBXSourcesBuildPhase section */

/* Begin PBXTargetDependency section */
		52A491D41F9AC15300A8F9FC /* PBXTargetDependency */ = {
			isa = PBXTargetDependency;
			target = 52A491BD1F9AC15200A8F9FC /* cpp_obhcpp_proj */;
			targetProxy = 52A491D31F9AC15300A8F9FC /* PBXContainerItemProxy */;
		};
/* End PBXTargetDependency section */

/* Begin PBXVariantGroup section */
		52A491C51F9AC15200A8F9FC /* Main.storyboard */ = {
			isa = PBXVariantGroup;
			children = (
				52A491C61F9AC15200A8F9FC /* Base */,
			);
			name = Main.storyboard;
			sourceTree = "<group>";
		};
		52A491CA1F9AC15200A8F9FC /* LaunchScreen.storyboard */ = {
			isa = PBXVariantGroup;
			children = (
				52A491CB1F9AC15200A8F9FC /* Base */,
			);
			name = LaunchScreen.storyboard;
			sourceTree = "<group>";
		};
/* End PBXVariantGroup section */

/* Begin XCBuildConfiguration section */
		52A491D91F9AC15300A8F9FC /* Debug */ = {
			isa = XCBuildConfiguration;
			buildSettings = {
				ALWAYS_SEARCH_USER_PATHS = NO;
				CLANG_ANALYZER_NONNULL = YES;
				CLANG_ANALYZER_NUMBER_OBJECT_CONVERSION = YES_AGGRESSIVE;
				CLANG_CXX_LANGUAGE_STANDARD = "gnu++14";
				CLANG_CXX_LIBRARY = "libc++";
				CLANG_ENABLE_MODULES = YES;
				CLANG_ENABLE_OBJC_ARC = YES;
				CLANG_WARN_BLOCK_CAPTURE_AUTORELEASING = YES;
				CLANG_WARN_BOOL_CONVERSION = YES;
				CLANG_WARN_COMMA = YES;
				CLANG_WARN_CONSTANT_CONVERSION = YES;
				CLANG_WARN_DIRECT_OBJC_ISA_USAGE = YES_ERROR;
				CLANG_WARN_DOCUMENTATION_COMMENTS = YES;
				CLANG_WARN_EMPTY_BODY = YES;
				CLANG_WARN_ENUM_CONVERSION = YES;
				CLANG_WARN_INFINITE_RECURSION = YES;
				CLANG_WARN_INT_CONVERSION = YES;
				CLANG_WARN_NON_LITERAL_NULL_CONVERSION = YES;
				CLANG_WARN_OBJC_LITERAL_CONVERSION = YES;
				CLANG_WARN_OBJC_ROOT_CLASS = YES_ERROR;
				CLANG_WARN_RANGE_LOOP_ANALYSIS = YES;
				CLANG_WARN_STRICT_PROTOTYPES = YES;
				CLANG_WARN_SUSPICIOUS_MOVE = YES;
				CLANG_WARN_UNGUARDED_AVAILABILITY = YES_AGGRESSIVE;
				CLANG_WARN_UNREACHABLE_CODE = YES;
				CLANG_WARN__DUPLICATE_METHOD_MATCH = YES;
				CODE_SIGN_IDENTITY = "iPhone Developer";
				COPY_PHASE_STRIP = NO;
				DEBUG_INFORMATION_FORMAT = dwarf;
				ENABLE_STRICT_OBJC_MSGSEND = YES;
				ENABLE_TESTABILITY = YES;
				GCC_C_LANGUAGE_STANDARD = gnu11;
				GCC_DYNAMIC_NO_PIC = NO;
				GCC_NO_COMMON_BLOCKS = YES;
				GCC_OPTIMIZATION_LEVEL = 0;
				GCC_PREPROCESSOR_DEFINITIONS = (
					"DEBUG=1",
					"$(inherited)",
				);
				GCC_WARN_64_TO_32_BIT_CONVERSION = YES;
				GCC_WARN_ABOUT_RETURN_TYPE = YES_ERROR;
				GCC_WARN_UNDECLARED_SELECTOR = YES;
				GCC_WARN_UNINITIALIZED_AUTOS = YES_AGGRESSIVE;
				GCC_WARN_UNUSED_FUNCTION = YES;
				GCC_WARN_UNUSED_VARIABLE = YES;
				IPHONEOS_DEPLOYMENT_TARGET = 11.0;
				MTL_ENABLE_DEBUG_INFO = YES;
				ONLY_ACTIVE_ARCH = YES;
				SDKROOT = iphoneos;
				SWIFT_ACTIVE_COMPILATION_CONDITIONS = DEBUG;
				SWIFT_OPTIMIZATION_LEVEL = "-Onone";
			};
			name = Debug;
		};
		52A491DA1F9AC15300A8F9FC /* Release */ = {
			isa = XCBuildConfiguration;
			buildSettings = {
				ALWAYS_SEARCH_USER_PATHS = NO;
				CLANG_ANALYZER_NONNULL = YES;
				CLANG_ANALYZER_NUMBER_OBJECT_CONVERSION = YES_AGGRESSIVE;
				CLANG_CXX_LANGUAGE_STANDARD = "gnu++14";
				CLANG_CXX_LIBRARY = "libc++";
				CLANG_ENABLE_MODULES = YES;
				CLANG_ENABLE_OBJC_ARC = YES;
				CLANG_WARN_BLOCK_CAPTURE_AUTORELEASING = YES;
				CLANG_WARN_BOOL_CONVERSION = YES;
				CLANG_WARN_COMMA = YES;
				CLANG_WARN_CONSTANT_CONVERSION = YES;
				CLANG_WARN_DIRECT_OBJC_ISA_USAGE = YES_ERROR;
				CLANG_WARN_DOCUMENTATION_COMMENTS = YES;
				CLANG_WARN_EMPTY_BODY = YES;
				CLANG_WARN_ENUM_CONVERSION = YES;
				CLANG_WARN_INFINITE_RECURSION = YES;
				CLANG_WARN_INT_CONVERSION = YES;
				CLANG_WARN_NON_LITERAL_NULL_CONVERSION = YES;
				CLANG_WARN_OBJC_LITERAL_CONVERSION = YES;
				CLANG_WARN_OBJC_ROOT_CLASS = YES_ERROR;
				CLANG_WARN_RANGE_LOOP_ANALYSIS = YES;
				CLANG_WARN_STRICT_PROTOTYPES = YES;
				CLANG_WARN_SUSPICIOUS_MOVE = YES;
				CLANG_WARN_UNGUARDED_AVAILABILITY = YES_AGGRESSIVE;
				CLANG_WARN_UNREACHABLE_CODE = YES;
				CLANG_WARN__DUPLICATE_METHOD_MATCH = YES;
				CODE_SIGN_IDENTITY = "iPhone Developer";
				COPY_PHASE_STRIP = NO;
				DEBUG_INFORMATION_FORMAT = "dwarf-with-dsym";
				ENABLE_NS_ASSERTIONS = NO;
				ENABLE_STRICT_OBJC_MSGSEND = YES;
				GCC_C_LANGUAGE_STANDARD = gnu11;
				GCC_NO_COMMON_BLOCKS = YES;
				GCC_WARN_64_TO_32_BIT_CONVERSION = YES;
				GCC_WARN_ABOUT_RETURN_TYPE = YES_ERROR;
				GCC_WARN_UNDECLARED_SELECTOR = YES;
				GCC_WARN_UNINITIALIZED_AUTOS = YES_AGGRESSIVE;
				GCC_WARN_UNUSED_FUNCTION = YES;
				GCC_WARN_UNUSED_VARIABLE = YES;
				IPHONEOS_DEPLOYMENT_TARGET = 11.0;
				MTL_ENABLE_DEBUG_INFO = NO;
				SDKROOT = iphoneos;
				SWIFT_OPTIMIZATION_LEVEL = "-Owholemodule";
				VALIDATE_PRODUCT = YES;
			};
			name = Release;
		};
		52A491DC1F9AC15300A8F9FC /* Debug */ = {
			isa = XCBuildConfiguration;
			buildSettings = {
				ASSETCATALOG_COMPILER_APPICON_NAME = AppIcon;
				CLANG_ENABLE_MODULES = YES;
				DEVELOPMENT_TEAM = G39WUQXAR6;
				HEADER_SEARCH_PATHS = (
					/Users/flynn/Documents/XCodeFiles/cpp_static_test/cpp_static_test,
					"/Users/flynn/Documents/draco/src/**",
					/Users/flynn/Documents/draco/src/draco/compression,
				);
				INFOPLIST_FILE = cpp_obhcpp_proj/Info.plist;
				LD_RUNPATH_SEARCH_PATHS = "$(inherited) @executable_path/Frameworks";
				LIBRARY_SEARCH_PATHS = (
					"/Users/flynn/Library/Developer/Xcode/DerivedData/cpp_static_test-bqbsuifjbarltfgrxfveglmqtxew/Build/Products/Debug-iphonesimulator",
					/Users/flynn/Documents/draco_xcode/Debug,
				);
				OTHER_LDFLAGS = "";
				PRODUCT_BUNDLE_IDENTIFIER = "farza.cpp-obhcpp-proj";
				PRODUCT_NAME = "$(TARGET_NAME)";
				SWIFT_OBJC_BRIDGING_HEADER = "cpp_obhcpp_proj/cpp_obhcpp_proj-Bridging-Header.h";
				SWIFT_OPTIMIZATION_LEVEL = "-Onone";
				SWIFT_VERSION = 4.0;
				TARGETED_DEVICE_FAMILY = "1,2";
				VALID_ARCHS = "arm64 armv7 armv7s";
			};
			name = Debug;
		};
		52A491DD1F9AC15300A8F9FC /* Release */ = {
			isa = XCBuildConfiguration;
			buildSettings = {
				ASSETCATALOG_COMPILER_APPICON_NAME = AppIcon;
				CLANG_ENABLE_MODULES = YES;
				DEVELOPMENT_TEAM = G39WUQXAR6;
				HEADER_SEARCH_PATHS = (
					/Users/flynn/Documents/XCodeFiles/cpp_static_test/cpp_static_test,
					"/Users/flynn/Documents/draco/src/**",
					/Users/flynn/Documents/draco/src/draco/compression,
				);
				INFOPLIST_FILE = cpp_obhcpp_proj/Info.plist;
				LD_RUNPATH_SEARCH_PATHS = "$(inherited) @executable_path/Frameworks";
				LIBRARY_SEARCH_PATHS = (
					"/Users/flynn/Library/Developer/Xcode/DerivedData/cpp_static_test-bqbsuifjbarltfgrxfveglmqtxew/Build/Products/Debug-iphonesimulator",
					/Users/flynn/Documents/draco_xcode/Debug,
				);
				OTHER_LDFLAGS = "";
				PRODUCT_BUNDLE_IDENTIFIER = "farza.cpp-obhcpp-proj";
				PRODUCT_NAME = "$(TARGET_NAME)";
				SWIFT_OBJC_BRIDGING_HEADER = "cpp_obhcpp_proj/cpp_obhcpp_proj-Bridging-Header.h";
				SWIFT_VERSION = 4.0;
				TARGETED_DEVICE_FAMILY = "1,2";
				VALID_ARCHS = "arm64 armv7 armv7s";
			};
			name = Release;
		};
		52A491DF1F9AC15300A8F9FC /* Debug */ = {
			isa = XCBuildConfiguration;
			buildSettings = {
				ALWAYS_EMBED_SWIFT_STANDARD_LIBRARIES = YES;
				BUNDLE_LOADER = "$(TEST_HOST)";
				DEVELOPMENT_TEAM = G39WUQXAR6;
				INFOPLIST_FILE = cpp_obhcpp_projTests/Info.plist;
				LD_RUNPATH_SEARCH_PATHS = "$(inherited) @executable_path/Frameworks @loader_path/Frameworks";
				PRODUCT_BUNDLE_IDENTIFIER = "farza.cpp-obhcpp-projTests";
				PRODUCT_NAME = "$(TARGET_NAME)";
				SWIFT_VERSION = 4.0;
				TARGETED_DEVICE_FAMILY = "1,2";
				TEST_HOST = "$(BUILT_PRODUCTS_DIR)/cpp_obhcpp_proj.app/cpp_obhcpp_proj";
			};
			name = Debug;
		};
		52A491E01F9AC15300A8F9FC /* Release */ = {
			isa = XCBuildConfiguration;
			buildSettings = {
				ALWAYS_EMBED_SWIFT_STANDARD_LIBRARIES = YES;
				BUNDLE_LOADER = "$(TEST_HOST)";
				DEVELOPMENT_TEAM = G39WUQXAR6;
				INFOPLIST_FILE = cpp_obhcpp_projTests/Info.plist;
				LD_RUNPATH_SEARCH_PATHS = "$(inherited) @executable_path/Frameworks @loader_path/Frameworks";
				PRODUCT_BUNDLE_IDENTIFIER = "farza.cpp-obhcpp-projTests";
				PRODUCT_NAME = "$(TARGET_NAME)";
				SWIFT_VERSION = 4.0;
				TARGETED_DEVICE_FAMILY = "1,2";
				TEST_HOST = "$(BUILT_PRODUCTS_DIR)/cpp_obhcpp_proj.app/cpp_obhcpp_proj";
			};
			name = Release;
		};
/* End XCBuildConfiguration section */

/* Begin XCConfigurationList section */
		52A491B91F9AC15200A8F9FC /* Build configuration list for PBXProject "cpp_obhcpp_proj" */ = {
			isa = XCConfigurationList;
			buildConfigurations = (
				52A491D91F9AC15300A8F9FC /* Debug */,
				52A491DA1F9AC15300A8F9FC /* Release */,
			);
			defaultConfigurationIsVisible = 0;
			defaultConfigurationName = Release;
		};
		52A491DB1F9AC15300A8F9FC /* Build configuration list for PBXNativeTarget "cpp_obhcpp_proj" */ = {
			isa = XCConfigurationList;
			buildConfigurations = (
				52A491DC1F9AC15300A8F9FC /* Debug */,
				52A491DD1F9AC15300A8F9FC /* Release */,
			);
			defaultConfigurationIsVisible = 0;
			defaultConfigurationName = Release;
		};
		52A491DE1F9AC15300A8F9FC /* Build configuration list for PBXNativeTarget "cpp_obhcpp_projTests" */ = {
			isa = XCConfigurationList;
			buildConfigurations = (
				52A491DF1F9AC15300A8F9FC /* Debug */,
				52A491E01F9AC15300A8F9FC /* Release */,
			);
			defaultConfigurationIsVisible = 0;
			defaultConfigurationName = Release;
		};
/* End XCConfigurationList section */
	};
	rootObject = 52A491B61F9AC15200A8F9FC /* Project object */;
}
